
Microsoft Visual Studio Solution File, Format Version 12.00
# Visual Studio 15
VisualStudioVersion = 15.0.27703.2042
MinimumVisualStudioVersion = 10.0.40219.1
Project("{9A19103F-16F7-4668-BE54-9A1E7A4F7556}") = "MTExperiments", "MTExperiments\MTExperiments.csproj", "{E00F8FE0-25DB-405C-B509-C6ABC05A22E4}"
EndProject
Project("{FAE04EC0-301F-11D3-BF4B-00C04F79EFBC}") = "Messaging.Contracts", "Messaging.Contracts\Messaging.Contracts.csproj", "{B829D38C-D0C1-43BE-8B0D-992B43A85923}"
EndProject
Global
	GlobalSection(SolutionConfigurationPlatforms) = preSolution
		Debug|Any CPU = Debug|Any CPU
		Release|Any CPU = Release|Any CPU
	EndGlobalSection
	GlobalSection(ProjectConfigurationPlatforms) = postSolution
		{E00F8FE0-25DB-405C-B509-C6ABC05A22E4}.Debug|Any CPU.ActiveCfg = Debug|Any CPU
		{E00F8FE0-25DB-405C-B509-C6ABC05A22E4}.Debug|Any CPU.Build.0 = Debug|Any CPU
		{E00F8FE0-25DB-405C-B509-C6ABC05A22E4}.Release|Any CPU.ActiveCfg = Release|Any CPU
		{E00F8FE0-25DB-405C-B509-C6ABC05A22E4}.Release|Any CPU.Build.0 = Release|Any CPU
		{B829D38C-D0C1-43BE-8B0D-992B43A85923}.Debug|Any CPU.ActiveCfg = Debug|Any CPU
		{B829D38C-D0C1-43BE-8B0D-992B43A85923}.Debug|Any CPU.Build.0 = Debug|Any CPU
		{B829D38C-D0C1-43BE-8B0D-992B43A85923}.Release|Any CPU.ActiveCfg = Release|Any CPU
		{B829D38C-D0C1-43BE-8B0D-992B43A85923}.Release|Any CPU.Build.0 = Release|Any CPU
	EndGlobalSection
	GlobalSection(SolutionProperties) = preSolution
		HideSolutionNode = FALSE
	EndGlobalSection
	GlobalSection(ExtensibilityGlobals) = postSolution
		SolutionGuid = {D203CC4B-9323-4D95-A7C0-400094395272}
	EndGlobalSection
EndGlobal
